
Microsoft Visual Studio Solution File, Format Version 12.00
# Visual Studio Version 17
VisualStudioVersion = 17.9.34723.18
MinimumVisualStudioVersion = 10.0.40219.1
Project("{8BC9CEB8-8B4A-11D0-8D11-00A0C91BC942}") = "27.05.11", "27.05.11\27.05.11.vcxproj", "{8C0E793C-A00F-4996-848B-71BB96B8F34A}"
EndProject
Global
	GlobalSection(SolutionConfigurationPlatforms) = preSolution
		Debug|x64 = Debug|x64
		Debug|x86 = Debug|x86
		Release|x64 = Release|x64
		Release|x86 = Release|x86
	EndGlobalSection
	GlobalSection(ProjectConfigurationPlatforms) = postSolution
		{8C0E793C-A00F-4996-848B-71BB96B8F34A}.Debug|x64.ActiveCfg = Debug|x64
		{8C0E793C-A00F-4996-848B-71BB96B8F34A}.Debug|x64.Build.0 = Debug|x64
		{8C0E793C-A00F-4996-848B-71BB96B8F34A}.Debug|x86.ActiveCfg = Debug|Win32
		{8C0E793C-A00F-4996-848B-71BB96B8F34A}.Debug|x86.Build.0 = Debug|Win32
		{8C0E793C-A00F-4996-848B-71BB96B8F34A}.Release|x64.ActiveCfg = Release|x64
		{8C0E793C-A00F-4996-848B-71BB96B8F34A}.Release|x64.Build.0 = Release|x64
		{8C0E793C-A00F-4996-848B-71BB96B8F34A}.Release|x86.ActiveCfg = Release|Win32
		{8C0E793C-A00F-4996-848B-71BB96B8F34A}.Release|x86.Build.0 = Release|Win32
	EndGlobalSection
	GlobalSection(SolutionProperties) = preSolution
		HideSolutionNode = FALSE
	EndGlobalSection
	GlobalSection(ExtensibilityGlobals) = postSolution
		SolutionGuid = {86934909-12D2-4E5C-943A-CC6188102545}
	EndGlobalSection
EndGlobal
